
Microsoft Visual Studio Solution File, Format Version 12.00
# Visual Studio 15
VisualStudioVersion = 15.0.27428.2037
MinimumVisualStudioVersion = 10.0.40219.1
Project("{FAE04EC0-301F-11D3-BF4B-00C04F79EFBC}") = "ArtClubFinal", "ArtClubFinal\ArtClubFinal.csproj", "{F3F35C42-1EFB-465E-9B1D-91BC84930C5A}"
EndProject
Project("{FAE04EC0-301F-11D3-BF4B-00C04F79EFBC}") = "ArtClubFinal.Tests", "ArtClubFinal.Tests\ArtClubFinal.Tests.csproj", "{26D26F72-92F4-40C2-8750-152FB0730A32}"
EndProject
Global
	GlobalSection(SolutionConfigurationPlatforms) = preSolution
		Debug|Any CPU = Debug|Any CPU
		Release|Any CPU = Release|Any CPU
	EndGlobalSection
	GlobalSection(ProjectConfigurationPlatforms) = postSolution
		{F3F35C42-1EFB-465E-9B1D-91BC84930C5A}.Debug|Any CPU.ActiveCfg = Debug|Any CPU
		{F3F35C42-1EFB-465E-9B1D-91BC84930C5A}.Debug|Any CPU.Build.0 = Debug|Any CPU
		{F3F35C42-1EFB-465E-9B1D-91BC84930C5A}.Release|Any CPU.ActiveCfg = Release|Any CPU
		{F3F35C42-1EFB-465E-9B1D-91BC84930C5A}.Release|Any CPU.Build.0 = Release|Any CPU
		{26D26F72-92F4-40C2-8750-152FB0730A32}.Debug|Any CPU.ActiveCfg = Debug|Any CPU
		{26D26F72-92F4-40C2-8750-152FB0730A32}.Debug|Any CPU.Build.0 = Debug|Any CPU
		{26D26F72-92F4-40C2-8750-152FB0730A32}.Release|Any CPU.ActiveCfg = Release|Any CPU
		{26D26F72-92F4-40C2-8750-152FB0730A32}.Release|Any CPU.Build.0 = Release|Any CPU
	EndGlobalSection
	GlobalSection(SolutionProperties) = preSolution
		HideSolutionNode = FALSE
	EndGlobalSection
	GlobalSection(ExtensibilityGlobals) = postSolution
		SolutionGuid = {3CFB184A-B0DA-48A5-8A7F-711EB479AAE5}
	EndGlobalSection
EndGlobal
